
Microsoft Visual Studio Solution File, Format Version 11.00
# Visual Studio 2010
Project("{FAE04EC0-301F-11D3-BF4B-00C04F79EFBC}") = "TurntableAPI", "TurntableAPI\TurntableAPI.csproj", "{528A5D0E-0C25-4B5A-AD9E-4F5EF9F0A123}"
EndProject
Project("{FAE04EC0-301F-11D3-BF4B-00C04F79EFBC}") = "websocket-sharp", "..\websocket-sharp\websocket-sharp.csproj", "{B357BAC7-529E-4D81-A0D2-71041B19C8DE}"
EndProject
Global
	GlobalSection(SolutionConfigurationPlatforms) = preSolution
		Debug_Ubuntu|Any CPU = Debug_Ubuntu|Any CPU
		Debug|Any CPU = Debug|Any CPU
		Release_Ubuntu|Any CPU = Release_Ubuntu|Any CPU
		Release|Any CPU = Release|Any CPU
	EndGlobalSection
	GlobalSection(ProjectConfigurationPlatforms) = postSolution
		{528A5D0E-0C25-4B5A-AD9E-4F5EF9F0A123}.Debug_Ubuntu|Any CPU.ActiveCfg = Debug|Any CPU
		{528A5D0E-0C25-4B5A-AD9E-4F5EF9F0A123}.Debug_Ubuntu|Any CPU.Build.0 = Debug|Any CPU
		{528A5D0E-0C25-4B5A-AD9E-4F5EF9F0A123}.Debug|Any CPU.ActiveCfg = Debug|Any CPU
		{528A5D0E-0C25-4B5A-AD9E-4F5EF9F0A123}.Debug|Any CPU.Build.0 = Debug|Any CPU
		{528A5D0E-0C25-4B5A-AD9E-4F5EF9F0A123}.Release_Ubuntu|Any CPU.ActiveCfg = Release|Any CPU
		{528A5D0E-0C25-4B5A-AD9E-4F5EF9F0A123}.Release_Ubuntu|Any CPU.Build.0 = Release|Any CPU
		{528A5D0E-0C25-4B5A-AD9E-4F5EF9F0A123}.Release|Any CPU.ActiveCfg = Release|Any CPU
		{528A5D0E-0C25-4B5A-AD9E-4F5EF9F0A123}.Release|Any CPU.Build.0 = Release|Any CPU
		{B357BAC7-529E-4D81-A0D2-71041B19C8DE}.Debug_Ubuntu|Any CPU.ActiveCfg = Debug_Ubuntu|Any CPU
		{B357BAC7-529E-4D81-A0D2-71041B19C8DE}.Debug_Ubuntu|Any CPU.Build.0 = Debug_Ubuntu|Any CPU
		{B357BAC7-529E-4D81-A0D2-71041B19C8DE}.Debug|Any CPU.ActiveCfg = Debug|Any CPU
		{B357BAC7-529E-4D81-A0D2-71041B19C8DE}.Debug|Any CPU.Build.0 = Debug|Any CPU
		{B357BAC7-529E-4D81-A0D2-71041B19C8DE}.Release_Ubuntu|Any CPU.ActiveCfg = Release_Ubuntu|Any CPU
		{B357BAC7-529E-4D81-A0D2-71041B19C8DE}.Release_Ubuntu|Any CPU.Build.0 = Release_Ubuntu|Any CPU
		{B357BAC7-529E-4D81-A0D2-71041B19C8DE}.Release|Any CPU.ActiveCfg = Release|Any CPU
		{B357BAC7-529E-4D81-A0D2-71041B19C8DE}.Release|Any CPU.Build.0 = Release|Any CPU
	EndGlobalSection
	GlobalSection(SolutionProperties) = preSolution
		HideSolutionNode = FALSE
	EndGlobalSection
EndGlobal
